// !$*UTF8*$!
{
	archiveVersion = 1;
	classes = {
	};
	objectVersion = 46;
	objects = {

/* Begin PBXBuildFile section */
		ABA96068F88E7FA2612CA788 /* BaseWebService.swift in Sources */ = {isa = PBXBuildFile; fileRef = ABA9639EE004F35201E14608 /* BaseWebService.swift */; };
		ABA96069E81C36BCBFB9C5A2 /* NoteAssembly.swift in Sources */ = {isa = PBXBuildFile; fileRef = ABA9688F7AA657796E63C284 /* NoteAssembly.swift */; };
		ABA96155572522BA93D3EC13 /* NoteServicing.swift in Sources */ = {isa = PBXBuildFile; fileRef = ABA96446458E2229FC49BE6F /* NoteServicing.swift */; };
		ABA9619CF77B18F90F2BF055 /* Note.swift in Sources */ = {isa = PBXBuildFile; fileRef = ABA9660534D9DD57C55EA7B6 /* Note.swift */; };
		ABA962F19A42337AC2981B53 /* SwinjectStoryboard+Setup.swift in Sources */ = {isa = PBXBuildFile; fileRef = ABA96B0C67AC7F4638F2541E /* SwinjectStoryboard+Setup.swift */; };
		ABA96410F743762C4F8767EF /* UserMockService.swift in Sources */ = {isa = PBXBuildFile; fileRef = ABA96A60F42649E6B0000F53 /* UserMockService.swift */; };
		ABA9655F2626EFD49CA7F70A /* UserAssembly.swift in Sources */ = {isa = PBXBuildFile; fileRef = ABA96BB16D8848ACDD54623C /* UserAssembly.swift */; };
		ABA9666E74FA06091F407377 /* NoteWebService.swift in Sources */ = {isa = PBXBuildFile; fileRef = ABA96BF12EC2469B8A1DED76 /* NoteWebService.swift */; };
		ABA96680428FDB6F30814318 /* NoteListViewModel.swift in Sources */ = {isa = PBXBuildFile; fileRef = ABA965ED65C3569524391C97 /* NoteListViewModel.swift */; };
		ABA9682159F9CDBB73A4F1AA /* User.json in Resources */ = {isa = PBXBuildFile; fileRef = ABA961D6B29AEB5417C8BAD3 /* User.json */; };
		ABA969884BEC8EE5B1A6865D /* BaseViewController.swift in Sources */ = {isa = PBXBuildFile; fileRef = ABA96F15B8FA4F88A6B337B8 /* BaseViewController.swift */; };
		ABA969E73FFCBD6468D9EA53 /* User.swift in Sources */ = {isa = PBXBuildFile; fileRef = ABA96A4799B126641E5F6E09 /* User.swift */; };
		ABA96A89FF3861CA42CF103B /* NoteMockService.swift in Sources */ = {isa = PBXBuildFile; fileRef = ABA96AD021603324ACE4B340 /* NoteMockService.swift */; };
		ABA96B663BDE5DB4B40D1AE8 /* NoteList.json in Resources */ = {isa = PBXBuildFile; fileRef = ABA96BB0D9298FCA6DA324EA /* NoteList.json */; };
		ABA96BF988513B467D823266 /* UserServicing.swift in Sources */ = {isa = PBXBuildFile; fileRef = ABA966073A8507D5D29D2229 /* UserServicing.swift */; };
		ABA96BFC91415C35672B85D7 /* UserWebService.swift in Sources */ = {isa = PBXBuildFile; fileRef = ABA96F6396EC3EADD8A9D281 /* UserWebService.swift */; };
		ABA96D18F7A2BFEBBA522B46 /* Note.json in Resources */ = {isa = PBXBuildFile; fileRef = ABA96D2408E6E370216E9172 /* Note.json */; };
		ABA96F0CCBDAF77AC5F53804 /* NoteViewModel.swift in Sources */ = {isa = PBXBuildFile; fileRef = ABA96F8CEE59CE3D1EFC568D /* NoteViewModel.swift */; };
		ABA96FC55D8066ECF9C29C49 /* NotesViewController.swift in Sources */ = {isa = PBXBuildFile; fileRef = ABA96B7522A03AE308842CA0 /* NotesViewController.swift */; };
		C90ED7091CD8C1C70098E93A /* ViewController.swift in Sources */ = {isa = PBXBuildFile; fileRef = C90ED7081CD8C1C70098E93A /* ViewController.swift */; };
		C90ED70C1CD8C36A0098E93A /* LaunchScreen.storyboard in Resources */ = {isa = PBXBuildFile; fileRef = C90ED70A1CD8C36A0098E93A /* LaunchScreen.storyboard */; };
		C90ED7111CD8CEF60098E93A /* Main.storyboard in Resources */ = {isa = PBXBuildFile; fileRef = C90ED7101CD8CEF60098E93A /* Main.storyboard */; };
		C90ED7131CD8CF300098E93A /* SplashViewController.swift in Sources */ = {isa = PBXBuildFile; fileRef = C90ED7121CD8CF300098E93A /* SplashViewController.swift */; };
		C90EDAFC1CDA2A100098E93A /* NoteNetworking.swift in Sources */ = {isa = PBXBuildFile; fileRef = C90EDAFB1CDA2A100098E93A /* NoteNetworking.swift */; };
		C90EDAFE1CDB30040098E93A /* Networking.swift in Sources */ = {isa = PBXBuildFile; fileRef = C90EDAFD1CDB30040098E93A /* Networking.swift */; };
		C90EDB021CDB664A0098E93A /* UserViewModel.swift in Sources */ = {isa = PBXBuildFile; fileRef = C90EDB011CDB664A0098E93A /* UserViewModel.swift */; };
		C90EDB0A1CDB772C0098E93A /* LoginViewController.swift in Sources */ = {isa = PBXBuildFile; fileRef = C90EDB091CDB772C0098E93A /* LoginViewController.swift */; };
		C94174841CDCB5810060A282 /* Curry.framework in Frameworks */ = {isa = PBXBuildFile; fileRef = C94174831CDCB5810060A282 /* Curry.framework */; };
		C94174861CDCB58B0060A282 /* Alamofire.framework in Frameworks */ = {isa = PBXBuildFile; fileRef = C94174851CDCB58B0060A282 /* Alamofire.framework */; };
		C94174881CDCB5920060A282 /* Argo.framework in Frameworks */ = {isa = PBXBuildFile; fileRef = C94174871CDCB5920060A282 /* Argo.framework */; };
		C941748C1CDCB5A50060A282 /* RxSwift.framework in Frameworks */ = {isa = PBXBuildFile; fileRef = C941748B1CDCB5A50060A282 /* RxSwift.framework */; };
		C941748E1CDCB5CB0060A282 /* Swinject.framework in Frameworks */ = {isa = PBXBuildFile; fileRef = C941748D1CDCB5CB0060A282 /* Swinject.framework */; };
		C94174901CDCB5E50060A282 /* Result.framework in Frameworks */ = {isa = PBXBuildFile; fileRef = C941748F1CDCB5E50060A282 /* Result.framework */; };
		C94174921CDCB6270060A282 /* RxCocoa.framework in Frameworks */ = {isa = PBXBuildFile; fileRef = C94174911CDCB6270060A282 /* RxCocoa.framework */; };
		C94174931CDCBA3A0060A282 /* Curry.framework in Embed Frameworks */ = {isa = PBXBuildFile; fileRef = C94174831CDCB5810060A282 /* Curry.framework */; settings = {ATTRIBUTES = (CodeSignOnCopy, RemoveHeadersOnCopy, ); }; };
		C94174941CDCBA5D0060A282 /* RxCocoa.framework in Embed Frameworks */ = {isa = PBXBuildFile; fileRef = C94174911CDCB6270060A282 /* RxCocoa.framework */; settings = {ATTRIBUTES = (CodeSignOnCopy, RemoveHeadersOnCopy, ); }; };
		C94174951CDCBA650060A282 /* RxSwift.framework in Embed Frameworks */ = {isa = PBXBuildFile; fileRef = C941748B1CDCB5A50060A282 /* RxSwift.framework */; settings = {ATTRIBUTES = (CodeSignOnCopy, RemoveHeadersOnCopy, ); }; };
		C94174961CDCBA690060A282 /* Result.framework in Embed Frameworks */ = {isa = PBXBuildFile; fileRef = C941748F1CDCB5E50060A282 /* Result.framework */; settings = {ATTRIBUTES = (CodeSignOnCopy, RemoveHeadersOnCopy, ); }; };
		C94174971CDCBA6E0060A282 /* Swinject.framework in Embed Frameworks */ = {isa = PBXBuildFile; fileRef = C941748D1CDCB5CB0060A282 /* Swinject.framework */; settings = {ATTRIBUTES = (CodeSignOnCopy, RemoveHeadersOnCopy, ); }; };
		C94174981CDCBA770060A282 /* Argo.framework in Embed Frameworks */ = {isa = PBXBuildFile; fileRef = C94174871CDCB5920060A282 /* Argo.framework */; settings = {ATTRIBUTES = (CodeSignOnCopy, RemoveHeadersOnCopy, ); }; };
		C941749A1CDCBA900060A282 /* Alamofire.framework in Embed Frameworks */ = {isa = PBXBuildFile; fileRef = C94174851CDCB58B0060A282 /* Alamofire.framework */; settings = {ATTRIBUTES = (CodeSignOnCopy, RemoveHeadersOnCopy, ); }; };
		C99EFD911CD74F6300D84D1D /* AppDelegate.swift in Sources */ = {isa = PBXBuildFile; fileRef = C99EFD901CD74F6300D84D1D /* AppDelegate.swift */; };
		C99EFD981CD74F6300D84D1D /* Assets.xcassets in Resources */ = {isa = PBXBuildFile; fileRef = C99EFD971CD74F6300D84D1D /* Assets.xcassets */; };
		C99EFDA61CD74F6300D84D1D /* NotesTests.swift in Sources */ = {isa = PBXBuildFile; fileRef = C99EFDA51CD74F6300D84D1D /* NotesTests.swift */; };
		C99EFDB11CD74F6300D84D1D /* NotesUITests.swift in Sources */ = {isa = PBXBuildFile; fileRef = C99EFDB01CD74F6300D84D1D /* NotesUITests.swift */; };
		C99EFE121CD7501100D84D1D /* ViewModel.framework in Frameworks */ = {isa = PBXBuildFile; fileRef = C99EFE081CD7501100D84D1D /* ViewModel.framework */; };
		C99EFE191CD7501100D84D1D /* ViewModelTests.swift in Sources */ = {isa = PBXBuildFile; fileRef = C99EFE181CD7501100D84D1D /* ViewModelTests.swift */; };
		C99EFE1D1CD7501100D84D1D /* ViewModel.framework in Frameworks */ = {isa = PBXBuildFile; fileRef = C99EFE081CD7501100D84D1D /* ViewModel.framework */; };
		C99EFE1E1CD7501100D84D1D /* ViewModel.framework in Embed Frameworks */ = {isa = PBXBuildFile; fileRef = C99EFE081CD7501100D84D1D /* ViewModel.framework */; settings = {ATTRIBUTES = (CodeSignOnCopy, RemoveHeadersOnCopy, ); }; };
		C99EFE341CD7502200D84D1D /* Model.framework in Frameworks */ = {isa = PBXBuildFile; fileRef = C99EFE2A1CD7502200D84D1D /* Model.framework */; };
		C99EFE3B1CD7502200D84D1D /* ModelTests.swift in Sources */ = {isa = PBXBuildFile; fileRef = C99EFE3A1CD7502200D84D1D /* ModelTests.swift */; };
		C99EFE3F1CD7502200D84D1D /* Model.framework in Frameworks */ = {isa = PBXBuildFile; fileRef = C99EFE2A1CD7502200D84D1D /* Model.framework */; };
		C99EFE401CD7502200D84D1D /* Model.framework in Embed Frameworks */ = {isa = PBXBuildFile; fileRef = C99EFE2A1CD7502200D84D1D /* Model.framework */; settings = {ATTRIBUTES = (CodeSignOnCopy, RemoveHeadersOnCopy, ); }; };
		C99EFE4F1CD7509800D84D1D /* View.h in Headers */ = {isa = PBXBuildFile; fileRef = C99EFE4E1CD7509800D84D1D /* View.h */; settings = {ATTRIBUTES = (Public, ); }; };
		C99EFE561CD7509800D84D1D /* View.framework in Frameworks */ = {isa = PBXBuildFile; fileRef = C99EFE4C1CD7509800D84D1D /* View.framework */; };
		C99EFE5D1CD7509800D84D1D /* ViewTests.swift in Sources */ = {isa = PBXBuildFile; fileRef = C99EFE5C1CD7509800D84D1D /* ViewTests.swift */; };
		C99EFE611CD7509800D84D1D /* View.framework in Frameworks */ = {isa = PBXBuildFile; fileRef = C99EFE4C1CD7509800D84D1D /* View.framework */; };
		C99EFE621CD7509800D84D1D /* View.framework in Embed Frameworks */ = {isa = PBXBuildFile; fileRef = C99EFE4C1CD7509800D84D1D /* View.framework */; settings = {ATTRIBUTES = (CodeSignOnCopy, RemoveHeadersOnCopy, ); }; };
		C99EFE691CD750F700D84D1D /* ViewModel.framework in Frameworks */ = {isa = PBXBuildFile; fileRef = C99EFE081CD7501100D84D1D /* ViewModel.framework */; };
		C99EFE6A1CD750FF00D84D1D /* Model.framework in Frameworks */ = {isa = PBXBuildFile; fileRef = C99EFE2A1CD7502200D84D1D /* Model.framework */; };
/* End PBXBuildFile section */

/* Begin PBXContainerItemProxy section */
		C99EFDA21CD74F6300D84D1D /* PBXContainerItemProxy */ = {
			isa = PBXContainerItemProxy;
			containerPortal = C99EFD851CD74F6300D84D1D /* Project object */;
			proxyType = 1;
			remoteGlobalIDString = C99EFD8C1CD74F6300D84D1D;
			remoteInfo = Notes;
		};
		C99EFDAD1CD74F6300D84D1D /* PBXContainerItemProxy */ = {
			isa = PBXContainerItemProxy;
			containerPortal = C99EFD851CD74F6300D84D1D /* Project object */;
			proxyType = 1;
			remoteGlobalIDString = C99EFD8C1CD74F6300D84D1D;
			remoteInfo = Notes;
		};
		C99EFE131CD7501100D84D1D /* PBXContainerItemProxy */ = {
			isa = PBXContainerItemProxy;
			containerPortal = C99EFD851CD74F6300D84D1D /* Project object */;
			proxyType = 1;
			remoteGlobalIDString = C99EFE071CD7501100D84D1D;
			remoteInfo = ViewModel;
		};
		C99EFE151CD7501100D84D1D /* PBXContainerItemProxy */ = {
			isa = PBXContainerItemProxy;
			containerPortal = C99EFD851CD74F6300D84D1D /* Project object */;
			proxyType = 1;
			remoteGlobalIDString = C99EFD8C1CD74F6300D84D1D;
			remoteInfo = Notes;
		};
		C99EFE1B1CD7501100D84D1D /* PBXContainerItemProxy */ = {
			isa = PBXContainerItemProxy;
			containerPortal = C99EFD851CD74F6300D84D1D /* Project object */;
			proxyType = 1;
			remoteGlobalIDString = C99EFE071CD7501100D84D1D;
			remoteInfo = ViewModel;
		};
		C99EFE351CD7502200D84D1D /* PBXContainerItemProxy */ = {
			isa = PBXContainerItemProxy;
			containerPortal = C99EFD851CD74F6300D84D1D /* Project object */;
			proxyType = 1;
			remoteGlobalIDString = C99EFE291CD7502200D84D1D;
			remoteInfo = Model;
		};
		C99EFE371CD7502200D84D1D /* PBXContainerItemProxy */ = {
			isa = PBXContainerItemProxy;
			containerPortal = C99EFD851CD74F6300D84D1D /* Project object */;
			proxyType = 1;
			remoteGlobalIDString = C99EFD8C1CD74F6300D84D1D;
			remoteInfo = Notes;
		};
		C99EFE3D1CD7502200D84D1D /* PBXContainerItemProxy */ = {
			isa = PBXContainerItemProxy;
			containerPortal = C99EFD851CD74F6300D84D1D /* Project object */;
			proxyType = 1;
			remoteGlobalIDString = C99EFE291CD7502200D84D1D;
			remoteInfo = Model;
		};
		C99EFE571CD7509800D84D1D /* PBXContainerItemProxy */ = {
			isa = PBXContainerItemProxy;
			containerPortal = C99EFD851CD74F6300D84D1D /* Project object */;
			proxyType = 1;
			remoteGlobalIDString = C99EFE4B1CD7509800D84D1D;
			remoteInfo = View;
		};
		C99EFE591CD7509800D84D1D /* PBXContainerItemProxy */ = {
			isa = PBXContainerItemProxy;
			containerPortal = C99EFD851CD74F6300D84D1D /* Project object */;
			proxyType = 1;
			remoteGlobalIDString = C99EFD8C1CD74F6300D84D1D;
			remoteInfo = Notes;
		};
		C99EFE5F1CD7509800D84D1D /* PBXContainerItemProxy */ = {
			isa = PBXContainerItemProxy;
			containerPortal = C99EFD851CD74F6300D84D1D /* Project object */;
			proxyType = 1;
			remoteGlobalIDString = C99EFE4B1CD7509800D84D1D;
			remoteInfo = View;
		};
		C99EFE6B1CD7518600D84D1D /* PBXContainerItemProxy */ = {
			isa = PBXContainerItemProxy;
			containerPortal = C99EFD851CD74F6300D84D1D /* Project object */;
			proxyType = 1;
			remoteGlobalIDString = C99EFE071CD7501100D84D1D;
			remoteInfo = ViewModel;
		};
		C99EFE6D1CD7518B00D84D1D /* PBXContainerItemProxy */ = {
			isa = PBXContainerItemProxy;
			containerPortal = C99EFD851CD74F6300D84D1D /* Project object */;
			proxyType = 1;
			remoteGlobalIDString = C99EFE291CD7502200D84D1D;
			remoteInfo = Model;
		};
/* End PBXContainerItemProxy section */

/* Begin PBXCopyFilesBuildPhase section */
		C99EFDDD1CD74F7300D84D1D /* Embed Frameworks */ = {
			isa = PBXCopyFilesBuildPhase;
			buildActionMask = 12;
			dstPath = "";
			dstSubfolderSpec = 10;
			files = (
				C941749A1CDCBA900060A282 /* Alamofire.framework in Embed Frameworks */,
				C94174981CDCBA770060A282 /* Argo.framework in Embed Frameworks */,
				C94174971CDCBA6E0060A282 /* Swinject.framework in Embed Frameworks */,
				C94174961CDCBA690060A282 /* Result.framework in Embed Frameworks */,
				C94174951CDCBA650060A282 /* RxSwift.framework in Embed Frameworks */,
				C94174941CDCBA5D0060A282 /* RxCocoa.framework in Embed Frameworks */,
				C94174931CDCBA3A0060A282 /* Curry.framework in Embed Frameworks */,
				C99EFE401CD7502200D84D1D /* Model.framework in Embed Frameworks */,
				C99EFE621CD7509800D84D1D /* View.framework in Embed Frameworks */,
				C99EFE1E1CD7501100D84D1D /* ViewModel.framework in Embed Frameworks */,
			);
			name = "Embed Frameworks";
			runOnlyForDeploymentPostprocessing = 0;
		};
/* End PBXCopyFilesBuildPhase section */

/* Begin PBXFileReference section */
		ABA961D6B29AEB5417C8BAD3 /* User.json */ = {isa = PBXFileReference; fileEncoding = 4; lastKnownFileType = text.json; path = User.json; sourceTree = "<group>"; };
		ABA9639EE004F35201E14608 /* BaseWebService.swift */ = {isa = PBXFileReference; fileEncoding = 4; lastKnownFileType = sourcecode.swift; path = BaseWebService.swift; sourceTree = "<group>"; };
		ABA96446458E2229FC49BE6F /* NoteServicing.swift */ = {isa = PBXFileReference; fileEncoding = 4; lastKnownFileType = sourcecode.swift; path = NoteServicing.swift; sourceTree = "<group>"; };
		ABA965ED65C3569524391C97 /* NoteListViewModel.swift */ = {isa = PBXFileReference; fileEncoding = 4; lastKnownFileType = sourcecode.swift; path = NoteListViewModel.swift; sourceTree = "<group>"; };
		ABA9660534D9DD57C55EA7B6 /* Note.swift */ = {isa = PBXFileReference; fileEncoding = 4; lastKnownFileType = sourcecode.swift; path = Note.swift; sourceTree = "<group>"; };
		ABA966073A8507D5D29D2229 /* UserServicing.swift */ = {isa = PBXFileReference; fileEncoding = 4; lastKnownFileType = sourcecode.swift; path = UserServicing.swift; sourceTree = "<group>"; };
		ABA9688F7AA657796E63C284 /* NoteAssembly.swift */ = {isa = PBXFileReference; fileEncoding = 4; lastKnownFileType = sourcecode.swift; path = NoteAssembly.swift; sourceTree = "<group>"; };
		ABA96A4799B126641E5F6E09 /* User.swift */ = {isa = PBXFileReference; fileEncoding = 4; lastKnownFileType = sourcecode.swift; path = User.swift; sourceTree = "<group>"; };
		ABA96A60F42649E6B0000F53 /* UserMockService.swift */ = {isa = PBXFileReference; fileEncoding = 4; lastKnownFileType = sourcecode.swift; path = UserMockService.swift; sourceTree = "<group>"; };
		ABA96AD021603324ACE4B340 /* NoteMockService.swift */ = {isa = PBXFileReference; fileEncoding = 4; lastKnownFileType = sourcecode.swift; path = NoteMockService.swift; sourceTree = "<group>"; };
		ABA96B0C67AC7F4638F2541E /* SwinjectStoryboard+Setup.swift */ = {isa = PBXFileReference; fileEncoding = 4; lastKnownFileType = sourcecode.swift; path = "SwinjectStoryboard+Setup.swift"; sourceTree = "<group>"; };
		ABA96B7522A03AE308842CA0 /* NotesViewController.swift */ = {isa = PBXFileReference; fileEncoding = 4; lastKnownFileType = sourcecode.swift; path = NotesViewController.swift; sourceTree = "<group>"; };
		ABA96BB0D9298FCA6DA324EA /* NoteList.json */ = {isa = PBXFileReference; fileEncoding = 4; lastKnownFileType = text.json; path = NoteList.json; sourceTree = "<group>"; };
		ABA96BB16D8848ACDD54623C /* UserAssembly.swift */ = {isa = PBXFileReference; fileEncoding = 4; lastKnownFileType = sourcecode.swift; path = UserAssembly.swift; sourceTree = "<group>"; };
		ABA96BF12EC2469B8A1DED76 /* NoteWebService.swift */ = {isa = PBXFileReference; fileEncoding = 4; lastKnownFileType = sourcecode.swift; path = NoteWebService.swift; sourceTree = "<group>"; };
		ABA96D2408E6E370216E9172 /* Note.json */ = {isa = PBXFileReference; fileEncoding = 4; lastKnownFileType = text.json; path = Note.json; sourceTree = "<group>"; };
		ABA96F15B8FA4F88A6B337B8 /* BaseViewController.swift */ = {isa = PBXFileReference; fileEncoding = 4; lastKnownFileType = sourcecode.swift; path = BaseViewController.swift; sourceTree = "<group>"; };
		ABA96F6396EC3EADD8A9D281 /* UserWebService.swift */ = {isa = PBXFileReference; fileEncoding = 4; lastKnownFileType = sourcecode.swift; path = UserWebService.swift; sourceTree = "<group>"; };
		ABA96F8CEE59CE3D1EFC568D /* NoteViewModel.swift */ = {isa = PBXFileReference; fileEncoding = 4; lastKnownFileType = sourcecode.swift; path = NoteViewModel.swift; sourceTree = "<group>"; };
		C90ED7081CD8C1C70098E93A /* ViewController.swift */ = {isa = PBXFileReference; fileEncoding = 4; lastKnownFileType = sourcecode.swift; path = ViewController.swift; sourceTree = "<group>"; };
		C90ED70B1CD8C36A0098E93A /* Base */ = {isa = PBXFileReference; lastKnownFileType = file.storyboard; name = Base; path = Base.lproj/LaunchScreen.storyboard; sourceTree = "<group>"; };
		C90ED7101CD8CEF60098E93A /* Main.storyboard */ = {isa = PBXFileReference; fileEncoding = 4; lastKnownFileType = file.storyboard; name = Main.storyboard; path = ../Notes/Main.storyboard; sourceTree = "<group>"; };
		C90ED7121CD8CF300098E93A /* SplashViewController.swift */ = {isa = PBXFileReference; fileEncoding = 4; lastKnownFileType = sourcecode.swift; path = SplashViewController.swift; sourceTree = "<group>"; };
		C90EDAFB1CDA2A100098E93A /* NoteNetworking.swift */ = {isa = PBXFileReference; fileEncoding = 4; lastKnownFileType = sourcecode.swift; path = NoteNetworking.swift; sourceTree = "<group>"; };
		C90EDAFD1CDB30040098E93A /* Networking.swift */ = {isa = PBXFileReference; fileEncoding = 4; lastKnownFileType = sourcecode.swift; path = Networking.swift; sourceTree = "<group>"; };
		C90EDB011CDB664A0098E93A /* UserViewModel.swift */ = {isa = PBXFileReference; fileEncoding = 4; lastKnownFileType = sourcecode.swift; path = UserViewModel.swift; sourceTree = "<group>"; };
		C90EDB091CDB772C0098E93A /* LoginViewController.swift */ = {isa = PBXFileReference; fileEncoding = 4; lastKnownFileType = sourcecode.swift; path = LoginViewController.swift; sourceTree = "<group>"; };
		C94174831CDCB5810060A282 /* Curry.framework */ = {isa = PBXFileReference; lastKnownFileType = wrapper.framework; path = Curry.framework; sourceTree = "<group>"; };
		C94174851CDCB58B0060A282 /* Alamofire.framework */ = {isa = PBXFileReference; lastKnownFileType = wrapper.framework; name = Alamofire.framework; path = Carthage/Build/iOS/Alamofire.framework; sourceTree = "<group>"; };
		C94174871CDCB5920060A282 /* Argo.framework */ = {isa = PBXFileReference; lastKnownFileType = wrapper.framework; name = Argo.framework; path = Carthage/Build/iOS/Argo.framework; sourceTree = "<group>"; };
		C941748B1CDCB5A50060A282 /* RxSwift.framework */ = {isa = PBXFileReference; lastKnownFileType = wrapper.framework; name = RxSwift.framework; path = Carthage/Build/iOS/RxSwift.framework; sourceTree = "<group>"; };
		C941748D1CDCB5CB0060A282 /* Swinject.framework */ = {isa = PBXFileReference; lastKnownFileType = wrapper.framework; name = Swinject.framework; path = Carthage/Build/iOS/Swinject.framework; sourceTree = "<group>"; };
		C941748F1CDCB5E50060A282 /* Result.framework */ = {isa = PBXFileReference; lastKnownFileType = wrapper.framework; name = Result.framework; path = Carthage/Build/iOS/Result.framework; sourceTree = "<group>"; };
		C94174911CDCB6270060A282 /* RxCocoa.framework */ = {isa = PBXFileReference; lastKnownFileType = wrapper.framework; name = RxCocoa.framework; path = Carthage/Build/iOS/RxCocoa.framework; sourceTree = "<group>"; };
		C99EFD8D1CD74F6300D84D1D /* Notes.app */ = {isa = PBXFileReference; explicitFileType = wrapper.application; includeInIndex = 0; path = Notes.app; sourceTree = BUILT_PRODUCTS_DIR; };
		C99EFD901CD74F6300D84D1D /* AppDelegate.swift */ = {isa = PBXFileReference; lastKnownFileType = sourcecode.swift; path = AppDelegate.swift; sourceTree = "<group>"; };
		C99EFD971CD74F6300D84D1D /* Assets.xcassets */ = {isa = PBXFileReference; lastKnownFileType = folder.assetcatalog; path = Assets.xcassets; sourceTree = "<group>"; };
		C99EFD9C1CD74F6300D84D1D /* Info.plist */ = {isa = PBXFileReference; lastKnownFileType = text.plist.xml; path = Info.plist; sourceTree = "<group>"; };
		C99EFDA11CD74F6300D84D1D /* NotesTests.xctest */ = {isa = PBXFileReference; explicitFileType = wrapper.cfbundle; includeInIndex = 0; path = NotesTests.xctest; sourceTree = BUILT_PRODUCTS_DIR; };
		C99EFDA51CD74F6300D84D1D /* NotesTests.swift */ = {isa = PBXFileReference; lastKnownFileType = sourcecode.swift; path = NotesTests.swift; sourceTree = "<group>"; };
		C99EFDA71CD74F6300D84D1D /* Info.plist */ = {isa = PBXFileReference; lastKnownFileType = text.plist.xml; path = Info.plist; sourceTree = "<group>"; };
		C99EFDAC1CD74F6300D84D1D /* NotesUITests.xctest */ = {isa = PBXFileReference; explicitFileType = wrapper.cfbundle; includeInIndex = 0; path = NotesUITests.xctest; sourceTree = BUILT_PRODUCTS_DIR; };
		C99EFDB01CD74F6300D84D1D /* NotesUITests.swift */ = {isa = PBXFileReference; lastKnownFileType = sourcecode.swift; path = NotesUITests.swift; sourceTree = "<group>"; };
		C99EFDB21CD74F6300D84D1D /* Info.plist */ = {isa = PBXFileReference; lastKnownFileType = text.plist.xml; path = Info.plist; sourceTree = "<group>"; };
		C99EFE081CD7501100D84D1D /* ViewModel.framework */ = {isa = PBXFileReference; explicitFileType = wrapper.framework; includeInIndex = 0; path = ViewModel.framework; sourceTree = BUILT_PRODUCTS_DIR; };
		C99EFE0A1CD7501100D84D1D /* ViewModel.h */ = {isa = PBXFileReference; lastKnownFileType = sourcecode.c.h; path = ViewModel.h; sourceTree = "<group>"; };
		C99EFE0C1CD7501100D84D1D /* Info.plist */ = {isa = PBXFileReference; lastKnownFileType = text.plist.xml; path = Info.plist; sourceTree = "<group>"; };
		C99EFE111CD7501100D84D1D /* ViewModelTests.xctest */ = {isa = PBXFileReference; explicitFileType = wrapper.cfbundle; includeInIndex = 0; path = ViewModelTests.xctest; sourceTree = BUILT_PRODUCTS_DIR; };
		C99EFE181CD7501100D84D1D /* ViewModelTests.swift */ = {isa = PBXFileReference; lastKnownFileType = sourcecode.swift; path = ViewModelTests.swift; sourceTree = "<group>"; };
		C99EFE1A1CD7501100D84D1D /* Info.plist */ = {isa = PBXFileReference; lastKnownFileType = text.plist.xml; path = Info.plist; sourceTree = "<group>"; };
		C99EFE2A1CD7502200D84D1D /* Model.framework */ = {isa = PBXFileReference; explicitFileType = wrapper.framework; includeInIndex = 0; path = Model.framework; sourceTree = BUILT_PRODUCTS_DIR; };
		C99EFE2C1CD7502200D84D1D /* Model.h */ = {isa = PBXFileReference; lastKnownFileType = sourcecode.c.h; path = Model.h; sourceTree = "<group>"; };
		C99EFE2E1CD7502200D84D1D /* Info.plist */ = {isa = PBXFileReference; lastKnownFileType = text.plist.xml; path = Info.plist; sourceTree = "<group>"; };
		C99EFE331CD7502200D84D1D /* ModelTests.xctest */ = {isa = PBXFileReference; explicitFileType = wrapper.cfbundle; includeInIndex = 0; path = ModelTests.xctest; sourceTree = BUILT_PRODUCTS_DIR; };
		C99EFE3A1CD7502200D84D1D /* ModelTests.swift */ = {isa = PBXFileReference; lastKnownFileType = sourcecode.swift; path = ModelTests.swift; sourceTree = "<group>"; };
		C99EFE3C1CD7502200D84D1D /* Info.plist */ = {isa = PBXFileReference; lastKnownFileType = text.plist.xml; path = Info.plist; sourceTree = "<group>"; };
		C99EFE4C1CD7509800D84D1D /* View.framework */ = {isa = PBXFileReference; explicitFileType = wrapper.framework; includeInIndex = 0; path = View.framework; sourceTree = BUILT_PRODUCTS_DIR; };
		C99EFE4E1CD7509800D84D1D /* View.h */ = {isa = PBXFileReference; lastKnownFileType = sourcecode.c.h; path = View.h; sourceTree = "<group>"; };
		C99EFE501CD7509800D84D1D /* Info.plist */ = {isa = PBXFileReference; lastKnownFileType = text.plist.xml; path = Info.plist; sourceTree = "<group>"; };
		C99EFE551CD7509800D84D1D /* ViewTests.xctest */ = {isa = PBXFileReference; explicitFileType = wrapper.cfbundle; includeInIndex = 0; path = ViewTests.xctest; sourceTree = BUILT_PRODUCTS_DIR; };
		C99EFE5C1CD7509800D84D1D /* ViewTests.swift */ = {isa = PBXFileReference; lastKnownFileType = sourcecode.swift; path = ViewTests.swift; sourceTree = "<group>"; };
		C99EFE5E1CD7509800D84D1D /* Info.plist */ = {isa = PBXFileReference; lastKnownFileType = text.plist.xml; path = Info.plist; sourceTree = "<group>"; };
/* End PBXFileReference section */

/* Begin PBXFrameworksBuildPhase section */
		C99EFD8A1CD74F6300D84D1D /* Frameworks */ = {
			isa = PBXFrameworksBuildPhase;
			buildActionMask = 2147483647;
			files = (
				C94174841CDCB5810060A282 /* Curry.framework in Frameworks */,
				C99EFE3F1CD7502200D84D1D /* Model.framework in Frameworks */,
				C99EFE611CD7509800D84D1D /* View.framework in Frameworks */,
				C94174861CDCB58B0060A282 /* Alamofire.framework in Frameworks */,
				C941748C1CDCB5A50060A282 /* RxSwift.framework in Frameworks */,
				C941748E1CDCB5CB0060A282 /* Swinject.framework in Frameworks */,
				C94174901CDCB5E50060A282 /* Result.framework in Frameworks */,
				C99EFE1D1CD7501100D84D1D /* ViewModel.framework in Frameworks */,
				C94174921CDCB6270060A282 /* RxCocoa.framework in Frameworks */,
				C94174881CDCB5920060A282 /* Argo.framework in Frameworks */,
			);
			runOnlyForDeploymentPostprocessing = 0;
		};
		C99EFD9E1CD74F6300D84D1D /* Frameworks */ = {
			isa = PBXFrameworksBuildPhase;
			buildActionMask = 2147483647;
			files = (
			);
			runOnlyForDeploymentPostprocessing = 0;
		};
		C99EFDA91CD74F6300D84D1D /* Frameworks */ = {
			isa = PBXFrameworksBuildPhase;
			buildActionMask = 2147483647;
			files = (
			);
			runOnlyForDeploymentPostprocessing = 0;
		};
		C99EFE041CD7501100D84D1D /* Frameworks */ = {
			isa = PBXFrameworksBuildPhase;
			buildActionMask = 2147483647;
			files = (
				C99EFE6A1CD750FF00D84D1D /* Model.framework in Frameworks */,
			);
			runOnlyForDeploymentPostprocessing = 0;
		};
		C99EFE0E1CD7501100D84D1D /* Frameworks */ = {
			isa = PBXFrameworksBuildPhase;
			buildActionMask = 2147483647;
			files = (
				C99EFE121CD7501100D84D1D /* ViewModel.framework in Frameworks */,
			);
			runOnlyForDeploymentPostprocessing = 0;
		};
		C99EFE261CD7502200D84D1D /* Frameworks */ = {
			isa = PBXFrameworksBuildPhase;
			buildActionMask = 2147483647;
			files = (
			);
			runOnlyForDeploymentPostprocessing = 0;
		};
		C99EFE301CD7502200D84D1D /* Frameworks */ = {
			isa = PBXFrameworksBuildPhase;
			buildActionMask = 2147483647;
			files = (
				C99EFE341CD7502200D84D1D /* Model.framework in Frameworks */,
			);
			runOnlyForDeploymentPostprocessing = 0;
		};
		C99EFE481CD7509800D84D1D /* Frameworks */ = {
			isa = PBXFrameworksBuildPhase;
			buildActionMask = 2147483647;
			files = (
				C99EFE691CD750F700D84D1D /* ViewModel.framework in Frameworks */,
			);
			runOnlyForDeploymentPostprocessing = 0;
		};
		C99EFE521CD7509800D84D1D /* Frameworks */ = {
			isa = PBXFrameworksBuildPhase;
			buildActionMask = 2147483647;
			files = (
				C99EFE561CD7509800D84D1D /* View.framework in Frameworks */,
			);
			runOnlyForDeploymentPostprocessing = 0;
		};
/* End PBXFrameworksBuildPhase section */

/* Begin PBXGroup section */
		ABA963149986E5D57984B8D9 /* Injection */ = {
			isa = PBXGroup;
			children = (
				ABA96B0C67AC7F4638F2541E /* SwinjectStoryboard+Setup.swift */,
				ABA96BB16D8848ACDD54623C /* UserAssembly.swift */,
				ABA9688F7AA657796E63C284 /* NoteAssembly.swift */,
			);
			path = Injection;
			sourceTree = "<group>";
		};
		ABA96362BF01D1928F931D94 /* UserServicing */ = {
			isa = PBXGroup;
			children = (
				ABA96F6396EC3EADD8A9D281 /* UserWebService.swift */,
				ABA966073A8507D5D29D2229 /* UserServicing.swift */,
				ABA96A60F42649E6B0000F53 /* UserMockService.swift */,
			);
			path = UserServicing;
			sourceTree = "<group>";
		};
		ABA963A7354FED7B1C82E438 /* JSONS */ = {
			isa = PBXGroup;
			children = (
				ABA961D6B29AEB5417C8BAD3 /* User.json */,
				ABA96BB0D9298FCA6DA324EA /* NoteList.json */,
				ABA96D2408E6E370216E9172 /* Note.json */,
			);
			path = JSONS;
			sourceTree = "<group>";
		};
		ABA963D784A2E59A45504F86 /* NoteServicing */ = {
			isa = PBXGroup;
			children = (
				ABA96446458E2229FC49BE6F /* NoteServicing.swift */,
				ABA96AD021603324ACE4B340 /* NoteMockService.swift */,
				ABA96BF12EC2469B8A1DED76 /* NoteWebService.swift */,
				C90EDAFB1CDA2A100098E93A /* NoteNetworking.swift */,
			);
			path = NoteServicing;
			sourceTree = "<group>";
		};
		ABA966AFF51218A1BFAC8E4D /* Base */ = {
			isa = PBXGroup;
			children = (
				ABA96F15B8FA4F88A6B337B8 /* BaseViewController.swift */,
			);
			path = Base;
			sourceTree = "<group>";
		};
		ABA967D9B5E085A73D106FF4 /* Entities */ = {
			isa = PBXGroup;
			children = (
				ABA96B6D6B08896B6715AC3F /* User */,
				ABA9686006F3A21EFEF51651 /* Note */,
				ABA963A7354FED7B1C82E438 /* JSONS */,
			);
			path = Entities;
			sourceTree = "<group>";
		};
		ABA9686006F3A21EFEF51651 /* Note */ = {
			isa = PBXGroup;
			children = (
				ABA9660534D9DD57C55EA7B6 /* Note.swift */,
			);
			path = Note;
			sourceTree = "<group>";
		};
		ABA9688308B6BA09609F6137 /* Note */ = {
			isa = PBXGroup;
			children = (
				ABA96F8CEE59CE3D1EFC568D /* NoteViewModel.swift */,
				ABA965ED65C3569524391C97 /* NoteListViewModel.swift */,
			);
			path = Note;
			sourceTree = "<group>";
		};
		ABA96A3E01A65AF133FED472 /* User */ = {
			isa = PBXGroup;
			children = (
				C90EDB011CDB664A0098E93A /* UserViewModel.swift */,
			);
			path = User;
			sourceTree = "<group>";
		};
		ABA96A771E4F8DB34C0BF78F /* Login */ = {
			isa = PBXGroup;
			children = (
				C90EDB091CDB772C0098E93A /* LoginViewController.swift */,
			);
			path = Login;
			sourceTree = "<group>";
		};
		ABA96A8704BCD0F063EC9DE7 /* Base */ = {
			isa = PBXGroup;
			children = (
			);
			path = Base;
			sourceTree = "<group>";
		};
		ABA96ABFDF6B904E74434EC0 /* WebServiceSupporters */ = {
			isa = PBXGroup;
			children = (
				C90EDAFD1CDB30040098E93A /* Networking.swift */,
				ABA9639EE004F35201E14608 /* BaseWebService.swift */,
			);
			path = WebServiceSupporters;
			sourceTree = "<group>";
		};
		ABA96B6D6B08896B6715AC3F /* User */ = {
			isa = PBXGroup;
			children = (
				ABA96A4799B126641E5F6E09 /* User.swift */,
			);
			path = User;
			sourceTree = "<group>";
		};
		ABA96B8AAF75FB16AB324062 /* Services */ = {
			isa = PBXGroup;
			children = (
				ABA96362BF01D1928F931D94 /* UserServicing */,
				ABA963D784A2E59A45504F86 /* NoteServicing */,
				ABA96ABFDF6B904E74434EC0 /* WebServiceSupporters */,
			);
			path = Services;
			sourceTree = "<group>";
		};
		ABA96DB1BD5E1C0852A7B800 /* Notes */ = {
			isa = PBXGroup;
			children = (
				ABA96B7522A03AE308842CA0 /* NotesViewController.swift */,
			);
			path = Notes;
			sourceTree = "<group>";
		};
		C94174821CDCB5150060A282 /* Resources */ = {
			isa = PBXGroup;
			children = (
				C94174911CDCB6270060A282 /* RxCocoa.framework */,
				C941748F1CDCB5E50060A282 /* Result.framework */,
				C941748D1CDCB5CB0060A282 /* Swinject.framework */,
				C941748B1CDCB5A50060A282 /* RxSwift.framework */,
				C94174871CDCB5920060A282 /* Argo.framework */,
				C94174851CDCB58B0060A282 /* Alamofire.framework */,
				C94174831CDCB5810060A282 /* Curry.framework */,
			);
			name = Resources;
			sourceTree = "<group>";
		};
		C99EFD841CD74F6300D84D1D = {
			isa = PBXGroup;
			children = (
				C94174821CDCB5150060A282 /* Resources */,
				C99EFD8F1CD74F6300D84D1D /* Notes */,
				C99EFE4D1CD7509800D84D1D /* View */,
				C99EFE091CD7501100D84D1D /* ViewModel */,
				C99EFE2B1CD7502200D84D1D /* Model */,
				C99EFDA41CD74F6300D84D1D /* NotesTests */,
				C99EFDAF1CD74F6300D84D1D /* NotesUITests */,
				C99EFE171CD7501100D84D1D /* ViewModelTests */,
				C99EFE391CD7502200D84D1D /* ModelTests */,
				C99EFE5B1CD7509800D84D1D /* ViewTests */,
				C99EFD8E1CD74F6300D84D1D /* Products */,
			);
			sourceTree = "<group>";
		};
		C99EFD8E1CD74F6300D84D1D /* Products */ = {
			isa = PBXGroup;
			children = (
				C99EFD8D1CD74F6300D84D1D /* Notes.app */,
				C99EFDA11CD74F6300D84D1D /* NotesTests.xctest */,
				C99EFDAC1CD74F6300D84D1D /* NotesUITests.xctest */,
				C99EFE081CD7501100D84D1D /* ViewModel.framework */,
				C99EFE111CD7501100D84D1D /* ViewModelTests.xctest */,
				C99EFE2A1CD7502200D84D1D /* Model.framework */,
				C99EFE331CD7502200D84D1D /* ModelTests.xctest */,
				C99EFE4C1CD7509800D84D1D /* View.framework */,
				C99EFE551CD7509800D84D1D /* ViewTests.xctest */,
			);
			name = Products;
			sourceTree = "<group>";
		};
		C99EFD8F1CD74F6300D84D1D /* Notes */ = {
			isa = PBXGroup;
			children = (
				C99EFD901CD74F6300D84D1D /* AppDelegate.swift */,
				C90ED7121CD8CF300098E93A /* SplashViewController.swift */,
				C99EFD971CD74F6300D84D1D /* Assets.xcassets */,
				C99EFD9C1CD74F6300D84D1D /* Info.plist */,
				ABA963149986E5D57984B8D9 /* Injection */,
			);
			path = Notes;
			sourceTree = "<group>";
		};
		C99EFDA41CD74F6300D84D1D /* NotesTests */ = {
			isa = PBXGroup;
			children = (
				C99EFDA51CD74F6300D84D1D /* NotesTests.swift */,
				C99EFDA71CD74F6300D84D1D /* Info.plist */,
			);
			path = NotesTests;
			sourceTree = "<group>";
		};
		C99EFDAF1CD74F6300D84D1D /* NotesUITests */ = {
			isa = PBXGroup;
			children = (
				C99EFDB01CD74F6300D84D1D /* NotesUITests.swift */,
				C99EFDB21CD74F6300D84D1D /* Info.plist */,
			);
			path = NotesUITests;
			sourceTree = "<group>";
		};
		C99EFE091CD7501100D84D1D /* ViewModel */ = {
			isa = PBXGroup;
			children = (
				C99EFE0A1CD7501100D84D1D /* ViewModel.h */,
				C99EFE0C1CD7501100D84D1D /* Info.plist */,
				ABA96A3E01A65AF133FED472 /* User */,
				ABA9688308B6BA09609F6137 /* Note */,
				ABA96A8704BCD0F063EC9DE7 /* Base */,
			);
			path = ViewModel;
			sourceTree = "<group>";
		};
		C99EFE171CD7501100D84D1D /* ViewModelTests */ = {
			isa = PBXGroup;
			children = (
				C99EFE181CD7501100D84D1D /* ViewModelTests.swift */,
				C99EFE1A1CD7501100D84D1D /* Info.plist */,
			);
			path = ViewModelTests;
			sourceTree = "<group>";
		};
		C99EFE2B1CD7502200D84D1D /* Model */ = {
			isa = PBXGroup;
			children = (
				C99EFE2C1CD7502200D84D1D /* Model.h */,
				C99EFE2E1CD7502200D84D1D /* Info.plist */,
				ABA96B8AAF75FB16AB324062 /* Services */,
				ABA967D9B5E085A73D106FF4 /* Entities */,
			);
			path = Model;
			sourceTree = "<group>";
		};
		C99EFE391CD7502200D84D1D /* ModelTests */ = {
			isa = PBXGroup;
			children = (
				C99EFE3A1CD7502200D84D1D /* ModelTests.swift */,
				C99EFE3C1CD7502200D84D1D /* Info.plist */,
			);
			path = ModelTests;
			sourceTree = "<group>";
		};
		C99EFE4D1CD7509800D84D1D /* View */ = {
			isa = PBXGroup;
			children = (
				C90ED70A1CD8C36A0098E93A /* LaunchScreen.storyboard */,
				C90ED7101CD8CEF60098E93A /* Main.storyboard */,
				C90ED7081CD8C1C70098E93A /* ViewController.swift */,
				C99EFE4E1CD7509800D84D1D /* View.h */,
				C99EFE501CD7509800D84D1D /* Info.plist */,
				ABA96DB1BD5E1C0852A7B800 /* Notes */,
				ABA96A771E4F8DB34C0BF78F /* Login */,
				ABA966AFF51218A1BFAC8E4D /* Base */,
			);
			path = View;
			sourceTree = "<group>";
		};
		C99EFE5B1CD7509800D84D1D /* ViewTests */ = {
			isa = PBXGroup;
			children = (
				C99EFE5C1CD7509800D84D1D /* ViewTests.swift */,
				C99EFE5E1CD7509800D84D1D /* Info.plist */,
			);
			path = ViewTests;
			sourceTree = "<group>";
		};
/* End PBXGroup section */

/* Begin PBXHeadersBuildPhase section */
		C99EFE051CD7501100D84D1D /* Headers */ = {
			isa = PBXHeadersBuildPhase;
			buildActionMask = 2147483647;
			files = (
				C99EFE4F1CD7509800D84D1D /* View.h in Headers */,
			);
			runOnlyForDeploymentPostprocessing = 0;
		};
		C99EFE271CD7502200D84D1D /* Headers */ = {
			isa = PBXHeadersBuildPhase;
			buildActionMask = 2147483647;
			files = (
			);
			runOnlyForDeploymentPostprocessing = 0;
		};
		C99EFE491CD7509800D84D1D /* Headers */ = {
			isa = PBXHeadersBuildPhase;
			buildActionMask = 2147483647;
			files = (
			);
			runOnlyForDeploymentPostprocessing = 0;
		};
/* End PBXHeadersBuildPhase section */

/* Begin PBXNativeTarget section */
		C99EFD8C1CD74F6300D84D1D /* Notes */ = {
			isa = PBXNativeTarget;
			buildConfigurationList = C99EFDB51CD74F6300D84D1D /* Build configuration list for PBXNativeTarget "Notes" */;
			buildPhases = (
				C99EFD891CD74F6300D84D1D /* Sources */,
				C99EFD8A1CD74F6300D84D1D /* Frameworks */,
				C99EFD8B1CD74F6300D84D1D /* Resources */,
				C99EFDDD1CD74F7300D84D1D /* Embed Frameworks */,
				C90EDB081CDB73EB0098E93A /* Run Script */,
			);
			buildRules = (
			);
			dependencies = (
				C99EFE1C1CD7501100D84D1D /* PBXTargetDependency */,
				C99EFE3E1CD7502200D84D1D /* PBXTargetDependency */,
				C99EFE601CD7509800D84D1D /* PBXTargetDependency */,
			);
			name = Notes;
			productName = Notes;
			productReference = C99EFD8D1CD74F6300D84D1D /* Notes.app */;
			productType = "com.apple.product-type.application";
		};
		C99EFDA01CD74F6300D84D1D /* NotesTests */ = {
			isa = PBXNativeTarget;
			buildConfigurationList = C99EFDB81CD74F6300D84D1D /* Build configuration list for PBXNativeTarget "NotesTests" */;
			buildPhases = (
				C99EFD9D1CD74F6300D84D1D /* Sources */,
				C99EFD9E1CD74F6300D84D1D /* Frameworks */,
				C99EFD9F1CD74F6300D84D1D /* Resources */,
			);
			buildRules = (
			);
			dependencies = (
				C99EFDA31CD74F6300D84D1D /* PBXTargetDependency */,
			);
			name = NotesTests;
			productName = NotesTests;
			productReference = C99EFDA11CD74F6300D84D1D /* NotesTests.xctest */;
			productType = "com.apple.product-type.bundle.unit-test";
		};
		C99EFDAB1CD74F6300D84D1D /* NotesUITests */ = {
			isa = PBXNativeTarget;
			buildConfigurationList = C99EFDBB1CD74F6300D84D1D /* Build configuration list for PBXNativeTarget "NotesUITests" */;
			buildPhases = (
				C99EFDA81CD74F6300D84D1D /* Sources */,
				C99EFDA91CD74F6300D84D1D /* Frameworks */,
				C99EFDAA1CD74F6300D84D1D /* Resources */,
			);
			buildRules = (
			);
			dependencies = (
				C99EFDAE1CD74F6300D84D1D /* PBXTargetDependency */,
			);
			name = NotesUITests;
			productName = NotesUITests;
			productReference = C99EFDAC1CD74F6300D84D1D /* NotesUITests.xctest */;
			productType = "com.apple.product-type.bundle.ui-testing";
		};
		C99EFE071CD7501100D84D1D /* ViewModel */ = {
			isa = PBXNativeTarget;
			buildConfigurationList = C99EFE1F1CD7501100D84D1D /* Build configuration list for PBXNativeTarget "ViewModel" */;
			buildPhases = (
				C99EFE031CD7501100D84D1D /* Sources */,
				C99EFE041CD7501100D84D1D /* Frameworks */,
				C99EFE051CD7501100D84D1D /* Headers */,
				C99EFE061CD7501100D84D1D /* Resources */,
			);
			buildRules = (
			);
			dependencies = (
				C99EFE6E1CD7518B00D84D1D /* PBXTargetDependency */,
			);
			name = ViewModel;
			productName = ViewModel;
			productReference = C99EFE081CD7501100D84D1D /* ViewModel.framework */;
			productType = "com.apple.product-type.framework";
		};
		C99EFE101CD7501100D84D1D /* ViewModelTests */ = {
			isa = PBXNativeTarget;
			buildConfigurationList = C99EFE221CD7501100D84D1D /* Build configuration list for PBXNativeTarget "ViewModelTests" */;
			buildPhases = (
				C99EFE0D1CD7501100D84D1D /* Sources */,
				C99EFE0E1CD7501100D84D1D /* Frameworks */,
				C99EFE0F1CD7501100D84D1D /* Resources */,
			);
			buildRules = (
			);
			dependencies = (
				C99EFE141CD7501100D84D1D /* PBXTargetDependency */,
				C99EFE161CD7501100D84D1D /* PBXTargetDependency */,
			);
			name = ViewModelTests;
			productName = ViewModelTests;
			productReference = C99EFE111CD7501100D84D1D /* ViewModelTests.xctest */;
			productType = "com.apple.product-type.bundle.unit-test";
		};
		C99EFE291CD7502200D84D1D /* Model */ = {
			isa = PBXNativeTarget;
			buildConfigurationList = C99EFE411CD7502200D84D1D /* Build configuration list for PBXNativeTarget "Model" */;
			buildPhases = (
				C99EFE251CD7502200D84D1D /* Sources */,
				C99EFE261CD7502200D84D1D /* Frameworks */,
				C99EFE271CD7502200D84D1D /* Headers */,
				C99EFE281CD7502200D84D1D /* Resources */,
			);
			buildRules = (
			);
			dependencies = (
			);
			name = Model;
			productName = Model;
			productReference = C99EFE2A1CD7502200D84D1D /* Model.framework */;
			productType = "com.apple.product-type.framework";
		};
		C99EFE321CD7502200D84D1D /* ModelTests */ = {
			isa = PBXNativeTarget;
			buildConfigurationList = C99EFE441CD7502200D84D1D /* Build configuration list for PBXNativeTarget "ModelTests" */;
			buildPhases = (
				C99EFE2F1CD7502200D84D1D /* Sources */,
				C99EFE301CD7502200D84D1D /* Frameworks */,
				C99EFE311CD7502200D84D1D /* Resources */,
			);
			buildRules = (
			);
			dependencies = (
				C99EFE361CD7502200D84D1D /* PBXTargetDependency */,
				C99EFE381CD7502200D84D1D /* PBXTargetDependency */,
			);
			name = ModelTests;
			productName = ModelTests;
			productReference = C99EFE331CD7502200D84D1D /* ModelTests.xctest */;
			productType = "com.apple.product-type.bundle.unit-test";
		};
		C99EFE4B1CD7509800D84D1D /* View */ = {
			isa = PBXNativeTarget;
			buildConfigurationList = C99EFE631CD7509800D84D1D /* Build configuration list for PBXNativeTarget "View" */;
			buildPhases = (
				C99EFE471CD7509800D84D1D /* Sources */,
				C99EFE481CD7509800D84D1D /* Frameworks */,
				C99EFE491CD7509800D84D1D /* Headers */,
				C99EFE4A1CD7509800D84D1D /* Resources */,
			);
			buildRules = (
			);
			dependencies = (
				C99EFE6C1CD7518600D84D1D /* PBXTargetDependency */,
			);
			name = View;
			productName = View;
			productReference = C99EFE4C1CD7509800D84D1D /* View.framework */;
			productType = "com.apple.product-type.framework";
		};
		C99EFE541CD7509800D84D1D /* ViewTests */ = {
			isa = PBXNativeTarget;
			buildConfigurationList = C99EFE661CD7509800D84D1D /* Build configuration list for PBXNativeTarget "ViewTests" */;
			buildPhases = (
				C99EFE511CD7509800D84D1D /* Sources */,
				C99EFE521CD7509800D84D1D /* Frameworks */,
				C99EFE531CD7509800D84D1D /* Resources */,
			);
			buildRules = (
			);
			dependencies = (
				C99EFE581CD7509800D84D1D /* PBXTargetDependency */,
				C99EFE5A1CD7509800D84D1D /* PBXTargetDependency */,
			);
			name = ViewTests;
			productName = ViewTests;
			productReference = C99EFE551CD7509800D84D1D /* ViewTests.xctest */;
			productType = "com.apple.product-type.bundle.unit-test";
		};
/* End PBXNativeTarget section */

/* Begin PBXProject section */
		C99EFD851CD74F6300D84D1D /* Project object */ = {
			isa = PBXProject;
			attributes = {
				LastSwiftUpdateCheck = 0730;
				LastUpgradeCheck = 0730;
				ORGANIZATIONNAME = "Alina Hambaryan";
				TargetAttributes = {
					C99EFD8C1CD74F6300D84D1D = {
						CreatedOnToolsVersion = 7.3;
					};
					C99EFDA01CD74F6300D84D1D = {
						CreatedOnToolsVersion = 7.3;
						TestTargetID = C99EFD8C1CD74F6300D84D1D;
					};
					C99EFDAB1CD74F6300D84D1D = {
						CreatedOnToolsVersion = 7.3;
						TestTargetID = C99EFD8C1CD74F6300D84D1D;
					};
					C99EFE071CD7501100D84D1D = {
						CreatedOnToolsVersion = 7.3;
					};
					C99EFE101CD7501100D84D1D = {
						CreatedOnToolsVersion = 7.3;
						TestTargetID = C99EFD8C1CD74F6300D84D1D;
					};
					C99EFE291CD7502200D84D1D = {
						CreatedOnToolsVersion = 7.3;
					};
					C99EFE321CD7502200D84D1D = {
						CreatedOnToolsVersion = 7.3;
						TestTargetID = C99EFD8C1CD74F6300D84D1D;
					};
					C99EFE4B1CD7509800D84D1D = {
						CreatedOnToolsVersion = 7.3;
					};
					C99EFE541CD7509800D84D1D = {
						CreatedOnToolsVersion = 7.3;
						TestTargetID = C99EFD8C1CD74F6300D84D1D;
					};
				};
			};
			buildConfigurationList = C99EFD881CD74F6300D84D1D /* Build configuration list for PBXProject "Notes" */;
			compatibilityVersion = "Xcode 3.2";
			developmentRegion = English;
			hasScannedForEncodings = 0;
			knownRegions = (
				en,
				Base,
			);
			mainGroup = C99EFD841CD74F6300D84D1D;
			productRefGroup = C99EFD8E1CD74F6300D84D1D /* Products */;
			projectDirPath = "";
			projectRoot = "";
			targets = (
				C99EFD8C1CD74F6300D84D1D /* Notes */,
				C99EFE4B1CD7509800D84D1D /* View */,
				C99EFE071CD7501100D84D1D /* ViewModel */,
				C99EFE291CD7502200D84D1D /* Model */,
				C99EFE541CD7509800D84D1D /* ViewTests */,
				C99EFE101CD7501100D84D1D /* ViewModelTests */,
				C99EFE321CD7502200D84D1D /* ModelTests */,
				C99EFDA01CD74F6300D84D1D /* NotesTests */,
				C99EFDAB1CD74F6300D84D1D /* NotesUITests */,
			);
		};
/* End PBXProject section */

/* Begin PBXResourcesBuildPhase section */
		C99EFD8B1CD74F6300D84D1D /* Resources */ = {
			isa = PBXResourcesBuildPhase;
			buildActionMask = 2147483647;
			files = (
				C90ED7111CD8CEF60098E93A /* Main.storyboard in Resources */,
				C99EFD981CD74F6300D84D1D /* Assets.xcassets in Resources */,
				C90ED70C1CD8C36A0098E93A /* LaunchScreen.storyboard in Resources */,
			);
			runOnlyForDeploymentPostprocessing = 0;
		};
		C99EFD9F1CD74F6300D84D1D /* Resources */ = {
			isa = PBXResourcesBuildPhase;
			buildActionMask = 2147483647;
			files = (
			);
			runOnlyForDeploymentPostprocessing = 0;
		};
		C99EFDAA1CD74F6300D84D1D /* Resources */ = {
			isa = PBXResourcesBuildPhase;
			buildActionMask = 2147483647;
			files = (
			);
			runOnlyForDeploymentPostprocessing = 0;
		};
		C99EFE061CD7501100D84D1D /* Resources */ = {
			isa = PBXResourcesBuildPhase;
			buildActionMask = 2147483647;
			files = (
			);
			runOnlyForDeploymentPostprocessing = 0;
		};
		C99EFE0F1CD7501100D84D1D /* Resources */ = {
			isa = PBXResourcesBuildPhase;
			buildActionMask = 2147483647;
			files = (
			);
			runOnlyForDeploymentPostprocessing = 0;
		};
		C99EFE281CD7502200D84D1D /* Resources */ = {
			isa = PBXResourcesBuildPhase;
			buildActionMask = 2147483647;
			files = (
				ABA9682159F9CDBB73A4F1AA /* User.json in Resources */,
				ABA96B663BDE5DB4B40D1AE8 /* NoteList.json in Resources */,
				ABA96D18F7A2BFEBBA522B46 /* Note.json in Resources */,
			);
			runOnlyForDeploymentPostprocessing = 0;
		};
		C99EFE311CD7502200D84D1D /* Resources */ = {
			isa = PBXResourcesBuildPhase;
			buildActionMask = 2147483647;
			files = (
			);
			runOnlyForDeploymentPostprocessing = 0;
		};
		C99EFE4A1CD7509800D84D1D /* Resources */ = {
			isa = PBXResourcesBuildPhase;
			buildActionMask = 2147483647;
			files = (
			);
			runOnlyForDeploymentPostprocessing = 0;
		};
		C99EFE531CD7509800D84D1D /* Resources */ = {
			isa = PBXResourcesBuildPhase;
			buildActionMask = 2147483647;
			files = (
			);
			runOnlyForDeploymentPostprocessing = 0;
		};
/* End PBXResourcesBuildPhase section */

/* Begin PBXShellScriptBuildPhase section */
		C90EDB081CDB73EB0098E93A /* Run Script */ = {
			isa = PBXShellScriptBuildPhase;
			buildActionMask = 2147483647;
			files = (
			);
			inputPaths = (
				"$(SRCROOT)/Carthage/Build/iOS/Argo.framework",
				"$(SRCROOT)/Carthage/Build/iOS/Alamofire.framework",
				"$(SRCROOT)/Carthage/Build/iOS/Swinject.framework",
				"$(SRCROOT)/Carthage/Build/iOS/RxSwift.framework",
				"$(SRCROOT)/Carthage/Build/iOS/RxCocoa.framework",
			);
			name = "Run Script";
			outputPaths = (
			);
			runOnlyForDeploymentPostprocessing = 0;
			shellPath = /bin/sh;
			shellScript = "/usr/local/bin/carthage copy-frameworks";
		};
/* End PBXShellScriptBuildPhase section */

/* Begin PBXSourcesBuildPhase section */
		C99EFD891CD74F6300D84D1D /* Sources */ = {
			isa = PBXSourcesBuildPhase;
			buildActionMask = 2147483647;
			files = (
				C99EFD911CD74F6300D84D1D /* AppDelegate.swift in Sources */,
				C90ED7131CD8CF300098E93A /* SplashViewController.swift in Sources */,
				ABA962F19A42337AC2981B53 /* SwinjectStoryboard+Setup.swift in Sources */,
				ABA9655F2626EFD49CA7F70A /* UserAssembly.swift in Sources */,
				ABA96069E81C36BCBFB9C5A2 /* NoteAssembly.swift in Sources */,
			);
			runOnlyForDeploymentPostprocessing = 0;
		};
		C99EFD9D1CD74F6300D84D1D /* Sources */ = {
			isa = PBXSourcesBuildPhase;
			buildActionMask = 2147483647;
			files = (
				C99EFDA61CD74F6300D84D1D /* NotesTests.swift in Sources */,
			);
			runOnlyForDeploymentPostprocessing = 0;
		};
		C99EFDA81CD74F6300D84D1D /* Sources */ = {
			isa = PBXSourcesBuildPhase;
			buildActionMask = 2147483647;
			files = (
				C99EFDB11CD74F6300D84D1D /* NotesUITests.swift in Sources */,
			);
			runOnlyForDeploymentPostprocessing = 0;
		};
		C99EFE031CD7501100D84D1D /* Sources */ = {
			isa = PBXSourcesBuildPhase;
			buildActionMask = 2147483647;
			files = (
				C90EDB021CDB664A0098E93A /* UserViewModel.swift in Sources */,
			);
			runOnlyForDeploymentPostprocessing = 0;
		};
		C99EFE0D1CD7501100D84D1D /* Sources */ = {
			isa = PBXSourcesBuildPhase;
			buildActionMask = 2147483647;
			files = (
				C99EFE191CD7501100D84D1D /* ViewModelTests.swift in Sources */,
			);
			runOnlyForDeploymentPostprocessing = 0;
		};
		C99EFE251CD7502200D84D1D /* Sources */ = {
			isa = PBXSourcesBuildPhase;
			buildActionMask = 2147483647;
			files = (
				C90EDAFC1CDA2A100098E93A /* NoteNetworking.swift in Sources */,
				C90EDAFE1CDB30040098E93A /* Networking.swift in Sources */,
				ABA96BFC91415C35672B85D7 /* UserWebService.swift in Sources */,
				ABA96A89FF3861CA42CF103B /* NoteMockService.swift in Sources */,
				ABA969E73FFCBD6468D9EA53 /* User.swift in Sources */,
				ABA9619CF77B18F90F2BF055 /* Note.swift in Sources */,
				ABA96155572522BA93D3EC13 /* NoteServicing.swift in Sources */,
				ABA96BF988513B467D823266 /* UserServicing.swift in Sources */,
				ABA96410F743762C4F8767EF /* UserMockService.swift in Sources */,
				ABA9666E74FA06091F407377 /* NoteWebService.swift in Sources */,
				ABA96068F88E7FA2612CA788 /* BaseWebService.swift in Sources */,
				ABA96F0CCBDAF77AC5F53804 /* NoteViewModel.swift in Sources */,
				ABA96680428FDB6F30814318 /* NoteListViewModel.swift in Sources */,
				ABA96FC55D8066ECF9C29C49 /* NotesViewController.swift in Sources */,
				ABA969884BEC8EE5B1A6865D /* BaseViewController.swift in Sources */,
			);
			runOnlyForDeploymentPostprocessing = 0;
		};
		C99EFE2F1CD7502200D84D1D /* Sources */ = {
			isa = PBXSourcesBuildPhase;
			buildActionMask = 2147483647;
			files = (
				C99EFE3B1CD7502200D84D1D /* ModelTests.swift in Sources */,
			);
			runOnlyForDeploymentPostprocessing = 0;
		};
		C99EFE471CD7509800D84D1D /* Sources */ = {
			isa = PBXSourcesBuildPhase;
			buildActionMask = 2147483647;
			files = (
				C90EDB0A1CDB772C0098E93A /* LoginViewController.swift in Sources */,
				C90ED7091CD8C1C70098E93A /* ViewController.swift in Sources */,
			);
			runOnlyForDeploymentPostprocessing = 0;
		};
		C99EFE511CD7509800D84D1D /* Sources */ = {
			isa = PBXSourcesBuildPhase;
			buildActionMask = 2147483647;
			files = (
				C99EFE5D1CD7509800D84D1D /* ViewTests.swift in Sources */,
			);
			runOnlyForDeploymentPostprocessing = 0;
		};
/* End PBXSourcesBuildPhase section */

/* Begin PBXTargetDependency section */
		C99EFDA31CD74F6300D84D1D /* PBXTargetDependency */ = {
			isa = PBXTargetDependency;
			target = C99EFD8C1CD74F6300D84D1D /* Notes */;
			targetProxy = C99EFDA21CD74F6300D84D1D /* PBXContainerItemProxy */;
		};
		C99EFDAE1CD74F6300D84D1D /* PBXTargetDependency */ = {
			isa = PBXTargetDependency;
			target = C99EFD8C1CD74F6300D84D1D /* Notes */;
			targetProxy = C99EFDAD1CD74F6300D84D1D /* PBXContainerItemProxy */;
		};
		C99EFE141CD7501100D84D1D /* PBXTargetDependency */ = {
			isa = PBXTargetDependency;
			target = C99EFE071CD7501100D84D1D /* ViewModel */;
			targetProxy = C99EFE131CD7501100D84D1D /* PBXContainerItemProxy */;
		};
		C99EFE161CD7501100D84D1D /* PBXTargetDependency */ = {
			isa = PBXTargetDependency;
			target = C99EFD8C1CD74F6300D84D1D /* Notes */;
			targetProxy = C99EFE151CD7501100D84D1D /* PBXContainerItemProxy */;
		};
		C99EFE1C1CD7501100D84D1D /* PBXTargetDependency */ = {
			isa = PBXTargetDependency;
			target = C99EFE071CD7501100D84D1D /* ViewModel */;
			targetProxy = C99EFE1B1CD7501100D84D1D /* PBXContainerItemProxy */;
		};
		C99EFE361CD7502200D84D1D /* PBXTargetDependency */ = {
			isa = PBXTargetDependency;
			target = C99EFE291CD7502200D84D1D /* Model */;
			targetProxy = C99EFE351CD7502200D84D1D /* PBXContainerItemProxy */;
		};
		C99EFE381CD7502200D84D1D /* PBXTargetDependency */ = {
			isa = PBXTargetDependency;
			target = C99EFD8C1CD74F6300D84D1D /* Notes */;
			targetProxy = C99EFE371CD7502200D84D1D /* PBXContainerItemProxy */;
		};
		C99EFE3E1CD7502200D84D1D /* PBXTargetDependency */ = {
			isa = PBXTargetDependency;
			target = C99EFE291CD7502200D84D1D /* Model */;
			targetProxy = C99EFE3D1CD7502200D84D1D /* PBXContainerItemProxy */;
		};
		C99EFE581CD7509800D84D1D /* PBXTargetDependency */ = {
			isa = PBXTargetDependency;
			target = C99EFE4B1CD7509800D84D1D /* View */;
			targetProxy = C99EFE571CD7509800D84D1D /* PBXContainerItemProxy */;
		};
		C99EFE5A1CD7509800D84D1D /* PBXTargetDependency */ = {
			isa = PBXTargetDependency;
			target = C99EFD8C1CD74F6300D84D1D /* Notes */;
			targetProxy = C99EFE591CD7509800D84D1D /* PBXContainerItemProxy */;
		};
		C99EFE601CD7509800D84D1D /* PBXTargetDependency */ = {
			isa = PBXTargetDependency;
			target = C99EFE4B1CD7509800D84D1D /* View */;
			targetProxy = C99EFE5F1CD7509800D84D1D /* PBXContainerItemProxy */;
		};
		C99EFE6C1CD7518600D84D1D /* PBXTargetDependency */ = {
			isa = PBXTargetDependency;
			target = C99EFE071CD7501100D84D1D /* ViewModel */;
			targetProxy = C99EFE6B1CD7518600D84D1D /* PBXContainerItemProxy */;
		};
		C99EFE6E1CD7518B00D84D1D /* PBXTargetDependency */ = {
			isa = PBXTargetDependency;
			target = C99EFE291CD7502200D84D1D /* Model */;
			targetProxy = C99EFE6D1CD7518B00D84D1D /* PBXContainerItemProxy */;
		};
/* End PBXTargetDependency section */

/* Begin PBXVariantGroup section */
		C90ED70A1CD8C36A0098E93A /* LaunchScreen.storyboard */ = {
			isa = PBXVariantGroup;
			children = (
				C90ED70B1CD8C36A0098E93A /* Base */,
			);
			name = LaunchScreen.storyboard;
			path = ../Notes;
			sourceTree = "<group>";
		};
/* End PBXVariantGroup section */

/* Begin XCBuildConfiguration section */
		C99EFDB31CD74F6300D84D1D /* Debug */ = {
			isa = XCBuildConfiguration;
			buildSettings = {
				ALWAYS_SEARCH_USER_PATHS = NO;
				CLANG_ANALYZER_NONNULL = YES;
				CLANG_CXX_LANGUAGE_STANDARD = "gnu++0x";
				CLANG_CXX_LIBRARY = "libc++";
				CLANG_ENABLE_MODULES = YES;
				CLANG_ENABLE_OBJC_ARC = YES;
				CLANG_WARN_BOOL_CONVERSION = YES;
				CLANG_WARN_CONSTANT_CONVERSION = YES;
				CLANG_WARN_DIRECT_OBJC_ISA_USAGE = YES_ERROR;
				CLANG_WARN_EMPTY_BODY = YES;
				CLANG_WARN_ENUM_CONVERSION = YES;
				CLANG_WARN_INT_CONVERSION = YES;
				CLANG_WARN_OBJC_ROOT_CLASS = YES_ERROR;
				CLANG_WARN_UNREACHABLE_CODE = YES;
				CLANG_WARN__DUPLICATE_METHOD_MATCH = YES;
				"CODE_SIGN_IDENTITY[sdk=iphoneos*]" = "iPhone Developer";
				COPY_PHASE_STRIP = NO;
				DEBUG_INFORMATION_FORMAT = dwarf;
				ENABLE_STRICT_OBJC_MSGSEND = YES;
				ENABLE_TESTABILITY = YES;
				GCC_C_LANGUAGE_STANDARD = gnu99;
				GCC_DYNAMIC_NO_PIC = NO;
				GCC_NO_COMMON_BLOCKS = YES;
				GCC_OPTIMIZATION_LEVEL = 0;
				GCC_PREPROCESSOR_DEFINITIONS = (
					"DEBUG=1",
					"$(inherited)",
				);
				GCC_WARN_64_TO_32_BIT_CONVERSION = YES;
				GCC_WARN_ABOUT_RETURN_TYPE = YES_ERROR;
				GCC_WARN_UNDECLARED_SELECTOR = YES;
				GCC_WARN_UNINITIALIZED_AUTOS = YES_AGGRESSIVE;
				GCC_WARN_UNUSED_FUNCTION = YES;
				GCC_WARN_UNUSED_VARIABLE = YES;
				IPHONEOS_DEPLOYMENT_TARGET = 9.3;
				MTL_ENABLE_DEBUG_INFO = YES;
				ONLY_ACTIVE_ARCH = YES;
				SDKROOT = iphoneos;
				SWIFT_OPTIMIZATION_LEVEL = "-Onone";
			};
			name = Debug;
		};
		C99EFDB41CD74F6300D84D1D /* Release */ = {
			isa = XCBuildConfiguration;
			buildSettings = {
				ALWAYS_SEARCH_USER_PATHS = NO;
				CLANG_ANALYZER_NONNULL = YES;
				CLANG_CXX_LANGUAGE_STANDARD = "gnu++0x";
				CLANG_CXX_LIBRARY = "libc++";
				CLANG_ENABLE_MODULES = YES;
				CLANG_ENABLE_OBJC_ARC = YES;
				CLANG_WARN_BOOL_CONVERSION = YES;
				CLANG_WARN_CONSTANT_CONVERSION = YES;
				CLANG_WARN_DIRECT_OBJC_ISA_USAGE = YES_ERROR;
				CLANG_WARN_EMPTY_BODY = YES;
				CLANG_WARN_ENUM_CONVERSION = YES;
				CLANG_WARN_INT_CONVERSION = YES;
				CLANG_WARN_OBJC_ROOT_CLASS = YES_ERROR;
				CLANG_WARN_UNREACHABLE_CODE = YES;
				CLANG_WARN__DUPLICATE_METHOD_MATCH = YES;
				"CODE_SIGN_IDENTITY[sdk=iphoneos*]" = "iPhone Developer";
				COPY_PHASE_STRIP = NO;
				DEBUG_INFORMATION_FORMAT = "dwarf-with-dsym";
				ENABLE_NS_ASSERTIONS = NO;
				ENABLE_STRICT_OBJC_MSGSEND = YES;
				GCC_C_LANGUAGE_STANDARD = gnu99;
				GCC_NO_COMMON_BLOCKS = YES;
				GCC_WARN_64_TO_32_BIT_CONVERSION = YES;
				GCC_WARN_ABOUT_RETURN_TYPE = YES_ERROR;
				GCC_WARN_UNDECLARED_SELECTOR = YES;
				GCC_WARN_UNINITIALIZED_AUTOS = YES_AGGRESSIVE;
				GCC_WARN_UNUSED_FUNCTION = YES;
				GCC_WARN_UNUSED_VARIABLE = YES;
				IPHONEOS_DEPLOYMENT_TARGET = 9.3;
				MTL_ENABLE_DEBUG_INFO = NO;
				SDKROOT = iphoneos;
				VALIDATE_PRODUCT = YES;
			};
			name = Release;
		};
		C99EFDB61CD74F6300D84D1D /* Debug */ = {
			isa = XCBuildConfiguration;
			buildSettings = {
				ASSETCATALOG_COMPILER_APPICON_NAME = AppIcon;
				EMBEDDED_CONTENT_CONTAINS_SWIFT = YES;
				FRAMEWORK_SEARCH_PATHS = (
					"$(inherited)",
					"$(PROJECT_DIR)/Carthage/Build/iOS",
					"$(PROJECT_DIR)",
				);
				INFOPLIST_FILE = Notes/Info.plist;
				LD_RUNPATH_SEARCH_PATHS = "$(inherited) @executable_path/Frameworks";
				PRODUCT_BUNDLE_IDENTIFIER = com.ah.Notes;
				PRODUCT_NAME = "$(TARGET_NAME)";
			};
			name = Debug;
		};
		C99EFDB71CD74F6300D84D1D /* Release */ = {
			isa = XCBuildConfiguration;
			buildSettings = {
				ASSETCATALOG_COMPILER_APPICON_NAME = AppIcon;
				EMBEDDED_CONTENT_CONTAINS_SWIFT = YES;
				FRAMEWORK_SEARCH_PATHS = (
					"$(inherited)",
					"$(PROJECT_DIR)/Carthage/Build/iOS",
					"$(PROJECT_DIR)",
				);
				INFOPLIST_FILE = Notes/Info.plist;
				LD_RUNPATH_SEARCH_PATHS = "$(inherited) @executable_path/Frameworks";
				PRODUCT_BUNDLE_IDENTIFIER = com.ah.Notes;
				PRODUCT_NAME = "$(TARGET_NAME)";
			};
			name = Release;
		};
		C99EFDB91CD74F6300D84D1D /* Debug */ = {
			isa = XCBuildConfiguration;
			buildSettings = {
				BUNDLE_LOADER = "$(TEST_HOST)";
				INFOPLIST_FILE = NotesTests/Info.plist;
				LD_RUNPATH_SEARCH_PATHS = "$(inherited) @executable_path/Frameworks @loader_path/Frameworks";
				PRODUCT_BUNDLE_IDENTIFIER = com.ah.NotesTests;
				PRODUCT_NAME = "$(TARGET_NAME)";
				TEST_HOST = "$(BUILT_PRODUCTS_DIR)/Notes.app/Notes";
			};
			name = Debug;
		};
		C99EFDBA1CD74F6300D84D1D /* Release */ = {
			isa = XCBuildConfiguration;
			buildSettings = {
				BUNDLE_LOADER = "$(TEST_HOST)";
				INFOPLIST_FILE = NotesTests/Info.plist;
				LD_RUNPATH_SEARCH_PATHS = "$(inherited) @executable_path/Frameworks @loader_path/Frameworks";
				PRODUCT_BUNDLE_IDENTIFIER = com.ah.NotesTests;
				PRODUCT_NAME = "$(TARGET_NAME)";
				TEST_HOST = "$(BUILT_PRODUCTS_DIR)/Notes.app/Notes";
			};
			name = Release;
		};
		C99EFDBC1CD74F6300D84D1D /* Debug */ = {
			isa = XCBuildConfiguration;
			buildSettings = {
				INFOPLIST_FILE = NotesUITests/Info.plist;
				LD_RUNPATH_SEARCH_PATHS = "$(inherited) @executable_path/Frameworks @loader_path/Frameworks";
				PRODUCT_BUNDLE_IDENTIFIER = com.ah.NotesUITests;
				PRODUCT_NAME = "$(TARGET_NAME)";
				TEST_TARGET_NAME = Notes;
			};
			name = Debug;
		};
		C99EFDBD1CD74F6300D84D1D /* Release */ = {
			isa = XCBuildConfiguration;
			buildSettings = {
				INFOPLIST_FILE = NotesUITests/Info.plist;
				LD_RUNPATH_SEARCH_PATHS = "$(inherited) @executable_path/Frameworks @loader_path/Frameworks";
				PRODUCT_BUNDLE_IDENTIFIER = com.ah.NotesUITests;
				PRODUCT_NAME = "$(TARGET_NAME)";
				TEST_TARGET_NAME = Notes;
			};
			name = Release;
		};
		C99EFE201CD7501100D84D1D /* Debug */ = {
			isa = XCBuildConfiguration;
			buildSettings = {
				CLANG_ENABLE_MODULES = YES;
				CURRENT_PROJECT_VERSION = 1;
				DEFINES_MODULE = YES;
				DYLIB_COMPATIBILITY_VERSION = 1;
				DYLIB_CURRENT_VERSION = 1;
				DYLIB_INSTALL_NAME_BASE = "@rpath";
				FRAMEWORK_SEARCH_PATHS = (
					"$(inherited)",
					"$(PROJECT_DIR)/Carthage/Build/iOS",
				);
				INFOPLIST_FILE = ViewModel/Info.plist;
				INSTALL_PATH = "$(LOCAL_LIBRARY_DIR)/Frameworks";
				LD_RUNPATH_SEARCH_PATHS = "$(inherited) @executable_path/Frameworks @loader_path/Frameworks";
				PRODUCT_BUNDLE_IDENTIFIER = com.ah.ViewModel;
				PRODUCT_NAME = "$(TARGET_NAME)";
				SKIP_INSTALL = YES;
				SWIFT_OPTIMIZATION_LEVEL = "-Onone";
				TARGETED_DEVICE_FAMILY = "1,2";
				VERSIONING_SYSTEM = "apple-generic";
				VERSION_INFO_PREFIX = "";
			};
			name = Debug;
		};
		C99EFE211CD7501100D84D1D /* Release */ = {
			isa = XCBuildConfiguration;
			buildSettings = {
				CLANG_ENABLE_MODULES = YES;
				CURRENT_PROJECT_VERSION = 1;
				DEFINES_MODULE = YES;
				DYLIB_COMPATIBILITY_VERSION = 1;
				DYLIB_CURRENT_VERSION = 1;
				DYLIB_INSTALL_NAME_BASE = "@rpath";
				FRAMEWORK_SEARCH_PATHS = (
					"$(inherited)",
					"$(PROJECT_DIR)/Carthage/Build/iOS",
				);
				INFOPLIST_FILE = ViewModel/Info.plist;
				INSTALL_PATH = "$(LOCAL_LIBRARY_DIR)/Frameworks";
				LD_RUNPATH_SEARCH_PATHS = "$(inherited) @executable_path/Frameworks @loader_path/Frameworks";
				PRODUCT_BUNDLE_IDENTIFIER = com.ah.ViewModel;
				PRODUCT_NAME = "$(TARGET_NAME)";
				SKIP_INSTALL = YES;
				TARGETED_DEVICE_FAMILY = "1,2";
				VERSIONING_SYSTEM = "apple-generic";
				VERSION_INFO_PREFIX = "";
			};
			name = Release;
		};
		C99EFE231CD7501100D84D1D /* Debug */ = {
			isa = XCBuildConfiguration;
			buildSettings = {
				INFOPLIST_FILE = ViewModelTests/Info.plist;
				LD_RUNPATH_SEARCH_PATHS = "$(inherited) @executable_path/Frameworks @loader_path/Frameworks";
				PRODUCT_BUNDLE_IDENTIFIER = com.ah.ViewModelTests;
				PRODUCT_NAME = "$(TARGET_NAME)";
				TEST_HOST = "$(BUILT_PRODUCTS_DIR)/Notes.app/Notes";
			};
			name = Debug;
		};
		C99EFE241CD7501100D84D1D /* Release */ = {
			isa = XCBuildConfiguration;
			buildSettings = {
				INFOPLIST_FILE = ViewModelTests/Info.plist;
				LD_RUNPATH_SEARCH_PATHS = "$(inherited) @executable_path/Frameworks @loader_path/Frameworks";
				PRODUCT_BUNDLE_IDENTIFIER = com.ah.ViewModelTests;
				PRODUCT_NAME = "$(TARGET_NAME)";
				TEST_HOST = "$(BUILT_PRODUCTS_DIR)/Notes.app/Notes";
			};
			name = Release;
		};
		C99EFE421CD7502200D84D1D /* Debug */ = {
			isa = XCBuildConfiguration;
			buildSettings = {
				CURRENT_PROJECT_VERSION = 1;
				DEFINES_MODULE = YES;
				DYLIB_COMPATIBILITY_VERSION = 1;
				DYLIB_CURRENT_VERSION = 1;
				DYLIB_INSTALL_NAME_BASE = "@rpath";
				FRAMEWORK_SEARCH_PATHS = (
					"$(inherited)",
					"$(PROJECT_DIR)/Carthage/Build/iOS",
					"$(PROJECT_DIR)",
				);
				INFOPLIST_FILE = Model/Info.plist;
				INSTALL_PATH = "$(LOCAL_LIBRARY_DIR)/Frameworks";
				LD_RUNPATH_SEARCH_PATHS = "$(inherited) @executable_path/Frameworks @loader_path/Frameworks";
				PRODUCT_BUNDLE_IDENTIFIER = com.ah.Model;
				PRODUCT_NAME = "$(TARGET_NAME)";
				SKIP_INSTALL = YES;
				TARGETED_DEVICE_FAMILY = "1,2";
				VERSIONING_SYSTEM = "apple-generic";
				VERSION_INFO_PREFIX = "";
			};
			name = Debug;
		};
		C99EFE431CD7502200D84D1D /* Release */ = {
			isa = XCBuildConfiguration;
			buildSettings = {
				CURRENT_PROJECT_VERSION = 1;
				DEFINES_MODULE = YES;
				DYLIB_COMPATIBILITY_VERSION = 1;
				DYLIB_CURRENT_VERSION = 1;
				DYLIB_INSTALL_NAME_BASE = "@rpath";
				FRAMEWORK_SEARCH_PATHS = (
					"$(inherited)",
					"$(PROJECT_DIR)/Carthage/Build/iOS",
					"$(PROJECT_DIR)",
				);
				INFOPLIST_FILE = Model/Info.plist;
				INSTALL_PATH = "$(LOCAL_LIBRARY_DIR)/Frameworks";
				LD_RUNPATH_SEARCH_PATHS = "$(inherited) @executable_path/Frameworks @loader_path/Frameworks";
				PRODUCT_BUNDLE_IDENTIFIER = com.ah.Model;
				PRODUCT_NAME = "$(TARGET_NAME)";
				SKIP_INSTALL = YES;
				TARGETED_DEVICE_FAMILY = "1,2";
				VERSIONING_SYSTEM = "apple-generic";
				VERSION_INFO_PREFIX = "";
			};
			name = Release;
		};
		C99EFE451CD7502200D84D1D /* Debug */ = {
			isa = XCBuildConfiguration;
			buildSettings = {
				INFOPLIST_FILE = ModelTests/Info.plist;
				LD_RUNPATH_SEARCH_PATHS = "$(inherited) @executable_path/Frameworks @loader_path/Frameworks";
				PRODUCT_BUNDLE_IDENTIFIER = com.ah.ModelTests;
				PRODUCT_NAME = "$(TARGET_NAME)";
				TEST_HOST = "$(BUILT_PRODUCTS_DIR)/Notes.app/Notes";
			};
			name = Debug;
		};
		C99EFE461CD7502200D84D1D /* Release */ = {
			isa = XCBuildConfiguration;
			buildSettings = {
				INFOPLIST_FILE = ModelTests/Info.plist;
				LD_RUNPATH_SEARCH_PATHS = "$(inherited) @executable_path/Frameworks @loader_path/Frameworks";
				PRODUCT_BUNDLE_IDENTIFIER = com.ah.ModelTests;
				PRODUCT_NAME = "$(TARGET_NAME)";
				TEST_HOST = "$(BUILT_PRODUCTS_DIR)/Notes.app/Notes";
			};
			name = Release;
		};
		C99EFE641CD7509800D84D1D /* Debug */ = {
			isa = XCBuildConfiguration;
			buildSettings = {
				CLANG_ENABLE_MODULES = YES;
				CURRENT_PROJECT_VERSION = 1;
				DEFINES_MODULE = YES;
				DYLIB_COMPATIBILITY_VERSION = 1;
				DYLIB_CURRENT_VERSION = 1;
				DYLIB_INSTALL_NAME_BASE = "@rpath";
				FRAMEWORK_SEARCH_PATHS = (
					"$(inherited)",
					"$(PROJECT_DIR)/Carthage/Build/iOS",
				);
				INFOPLIST_FILE = View/Info.plist;
				INSTALL_PATH = "$(LOCAL_LIBRARY_DIR)/Frameworks";
				LD_RUNPATH_SEARCH_PATHS = "$(inherited) @executable_path/Frameworks @loader_path/Frameworks";
				PRODUCT_BUNDLE_IDENTIFIER = com.ah.View;
				PRODUCT_NAME = "$(TARGET_NAME)";
				SKIP_INSTALL = YES;
				SWIFT_OPTIMIZATION_LEVEL = "-Onone";
				TARGETED_DEVICE_FAMILY = "1,2";
				VERSIONING_SYSTEM = "apple-generic";
				VERSION_INFO_PREFIX = "";
			};
			name = Debug;
		};
		C99EFE651CD7509800D84D1D /* Release */ = {
			isa = XCBuildConfiguration;
			buildSettings = {
				CLANG_ENABLE_MODULES = YES;
				CURRENT_PROJECT_VERSION = 1;
				DEFINES_MODULE = YES;
				DYLIB_COMPATIBILITY_VERSION = 1;
				DYLIB_CURRENT_VERSION = 1;
				DYLIB_INSTALL_NAME_BASE = "@rpath";
				FRAMEWORK_SEARCH_PATHS = (
					"$(inherited)",
					"$(PROJECT_DIR)/Carthage/Build/iOS",
				);
				INFOPLIST_FILE = View/Info.plist;
				INSTALL_PATH = "$(LOCAL_LIBRARY_DIR)/Frameworks";
				LD_RUNPATH_SEARCH_PATHS = "$(inherited) @executable_path/Frameworks @loader_path/Frameworks";
				PRODUCT_BUNDLE_IDENTIFIER = com.ah.View;
				PRODUCT_NAME = "$(TARGET_NAME)";
				SKIP_INSTALL = YES;
				TARGETED_DEVICE_FAMILY = "1,2";
				VERSIONING_SYSTEM = "apple-generic";
				VERSION_INFO_PREFIX = "";
			};
			name = Release;
		};
		C99EFE671CD7509800D84D1D /* Debug */ = {
			isa = XCBuildConfiguration;
			buildSettings = {
				INFOPLIST_FILE = ViewTests/Info.plist;
				LD_RUNPATH_SEARCH_PATHS = "$(inherited) @executable_path/Frameworks @loader_path/Frameworks";
				PRODUCT_BUNDLE_IDENTIFIER = com.ah.ViewTests;
				PRODUCT_NAME = "$(TARGET_NAME)";
				TEST_HOST = "$(BUILT_PRODUCTS_DIR)/Notes.app/Notes";
			};
			name = Debug;
		};
		C99EFE681CD7509800D84D1D /* Release */ = {
			isa = XCBuildConfiguration;
			buildSettings = {
				INFOPLIST_FILE = ViewTests/Info.plist;
				LD_RUNPATH_SEARCH_PATHS = "$(inherited) @executable_path/Frameworks @loader_path/Frameworks";
				PRODUCT_BUNDLE_IDENTIFIER = com.ah.ViewTests;
				PRODUCT_NAME = "$(TARGET_NAME)";
				TEST_HOST = "$(BUILT_PRODUCTS_DIR)/Notes.app/Notes";
			};
			name = Release;
		};
/* End XCBuildConfiguration section */

/* Begin XCConfigurationList section */
		C99EFD881CD74F6300D84D1D /* Build configuration list for PBXProject "Notes" */ = {
			isa = XCConfigurationList;
			buildConfigurations = (
				C99EFDB31CD74F6300D84D1D /* Debug */,
				C99EFDB41CD74F6300D84D1D /* Release */,
			);
			defaultConfigurationIsVisible = 0;
			defaultConfigurationName = Release;
		};
		C99EFDB51CD74F6300D84D1D /* Build configuration list for PBXNativeTarget "Notes" */ = {
			isa = XCConfigurationList;
			buildConfigurations = (
				C99EFDB61CD74F6300D84D1D /* Debug */,
				C99EFDB71CD74F6300D84D1D /* Release */,
			);
			defaultConfigurationIsVisible = 0;
			defaultConfigurationName = Release;
		};
		C99EFDB81CD74F6300D84D1D /* Build configuration list for PBXNativeTarget "NotesTests" */ = {
			isa = XCConfigurationList;
			buildConfigurations = (
				C99EFDB91CD74F6300D84D1D /* Debug */,
				C99EFDBA1CD74F6300D84D1D /* Release */,
			);
			defaultConfigurationIsVisible = 0;
			defaultConfigurationName = Release;
		};
		C99EFDBB1CD74F6300D84D1D /* Build configuration list for PBXNativeTarget "NotesUITests" */ = {
			isa = XCConfigurationList;
			buildConfigurations = (
				C99EFDBC1CD74F6300D84D1D /* Debug */,
				C99EFDBD1CD74F6300D84D1D /* Release */,
			);
			defaultConfigurationIsVisible = 0;
			defaultConfigurationName = Release;
		};
		C99EFE1F1CD7501100D84D1D /* Build configuration list for PBXNativeTarget "ViewModel" */ = {
			isa = XCConfigurationList;
			buildConfigurations = (
				C99EFE201CD7501100D84D1D /* Debug */,
				C99EFE211CD7501100D84D1D /* Release */,
			);
			defaultConfigurationIsVisible = 0;
			defaultConfigurationName = Release;
		};
		C99EFE221CD7501100D84D1D /* Build configuration list for PBXNativeTarget "ViewModelTests" */ = {
			isa = XCConfigurationList;
			buildConfigurations = (
				C99EFE231CD7501100D84D1D /* Debug */,
				C99EFE241CD7501100D84D1D /* Release */,
			);
			defaultConfigurationIsVisible = 0;
			defaultConfigurationName = Release;
		};
		C99EFE411CD7502200D84D1D /* Build configuration list for PBXNativeTarget "Model" */ = {
			isa = XCConfigurationList;
			buildConfigurations = (
				C99EFE421CD7502200D84D1D /* Debug */,
				C99EFE431CD7502200D84D1D /* Release */,
			);
			defaultConfigurationIsVisible = 0;
			defaultConfigurationName = Release;
		};
		C99EFE441CD7502200D84D1D /* Build configuration list for PBXNativeTarget "ModelTests" */ = {
			isa = XCConfigurationList;
			buildConfigurations = (
				C99EFE451CD7502200D84D1D /* Debug */,
				C99EFE461CD7502200D84D1D /* Release */,
			);
			defaultConfigurationIsVisible = 0;
			defaultConfigurationName = Release;
		};
		C99EFE631CD7509800D84D1D /* Build configuration list for PBXNativeTarget "View" */ = {
			isa = XCConfigurationList;
			buildConfigurations = (
				C99EFE641CD7509800D84D1D /* Debug */,
				C99EFE651CD7509800D84D1D /* Release */,
			);
			defaultConfigurationIsVisible = 0;
			defaultConfigurationName = Release;
		};
		C99EFE661CD7509800D84D1D /* Build configuration list for PBXNativeTarget "ViewTests" */ = {
			isa = XCConfigurationList;
			buildConfigurations = (
				C99EFE671CD7509800D84D1D /* Debug */,
				C99EFE681CD7509800D84D1D /* Release */,
			);
			defaultConfigurationIsVisible = 0;
			defaultConfigurationName = Release;
		};
/* End XCConfigurationList section */
	};
	rootObject = C99EFD851CD74F6300D84D1D /* Project object */;
}
